hash: a3ac2f513e4dd2063fa4a02ddceaaa6926f0f22861a27a030ca6bfe1908d1674
updated: 2017-01-12T22:46:48.970182232-06:00
imports:
- name: github.com/jinzhu/gorm
  version: 5174cc5c242a728b435ea2be8a2f7f998e15429b
- name: github.com/jinzhu/inflection
  version: 1c35d901db3da928c72a72d8458480cc9ade058f
- name: github.com/julienschmidt/httprouter
  version: 8c199fb6259ffc1af525cc3ad52ee60ba8359669
- name: github.com/mattn/go-sqlite3
  version: ca5e3819723d8eeaf170ad510e7da1d6d2e94a08
- name: github.com/rohanthewiz/go_markdown
  version: cbcef778537c0d9494c80f81a18e6e84792a261a
- name: golang.org/x/net
  version: 60c41d1de8da134c05b7b40154a9a82bf5b7edb9
  subpackages:
  - context
  - html
  - html/atom
testImports: []
