github.com/denisenkom/go-mssqldb v0.10.0 h1:QykgLZBorFE95+gO3u9esLd0BmbvpWp0/waNNZfHBM8=
github.com/denisenkom/go-mssqldb v0.10.0/go.mod h1:xbL0rPBG9cCiLr28tMa8zpbdarY27NDyej4t/EjAShU=
github.com/erikstmartin/go-testdb v0.0.0-20160219214506-8d10e4a1bae5 h1:Yzb9+7DPaBjB8zlTR87/ElzFsnQfuHnVUVqpZZIcV5Y=
github.com/erikstmartin/go-testdb v0.0.0-20160219214506-8d10e4a1bae5/go.mod h1:a2zkGnVExMxdzMo3M0Hi/3sEU+cWnZpSni0O6/Yb/P0=
github.com/go-sql-driver/mysql v1.6.0 h1:BCTh4TKNUYmOmMUcQ3IipzF5prigylS7XXjEkfCHuOE=
github.com/go-sql-driver/mysql v1.6.0/go.mod h1:DCzpHaOWr8IXmIStZouvnhqoel9Qv2LBy8hT2VhHyBg=
github.com/golang-sql/civil v0.0.0-20190719163853-cb61b32ac6fe h1:lXe2qZdvpiX5WZkZR4hgp4KJVfY3nMkvmwbVkpv1rVY=
github.com/golang-sql/civil v0.0.0-20190719163853-cb61b32ac6fe/go.mod h1:8vg3r2VgvsThLBIFL93Qb5yWzgyZWhEmBwUJWevAkK0=
github.com/jinzhu/gorm v0.0.0-20160404144928-5174cc5c242a h1:pfPxlCVlKqBRqHpyCxOIKhhB4ERpz02iadDpRVevLm4=
github.com/jinzhu/gorm v0.0.0-20160404144928-5174cc5c242a/go.mod h1:Vla75njaFJ8clLU1W44h34PjIkijhjHIYnZxMqCdxqo=
github.com/jinzhu/inflection v0.0.0-20170102125226-1c35d901db3d h1:jRQLvyVGL+iVtDElaEIDdKwpPqUIZJfzkNLV34htpEc=
github.com/jinzhu/inflection v0.0.0-20170102125226-1c35d901db3d/go.mod h1:h+uFLlag+Qp1Va5pdKtLDYj+kHp5pxUVkryuEj+Srlc=
github.com/jinzhu/now v1.1.2 h1:eVKgfIdy9b6zbWBMgFpfDPoAMifwSZagU9HmEU6zgiI=
github.com/jinzhu/now v1.1.2/go.mod h1:d3SSVoowX0Lcu0IBviAWJpolVfI5UJVZZ7cO71lE/z8=
github.com/julienschmidt/httprouter v1.1.0 h1:7wLdtIiIpzOkC9u6sXOozpBauPdskj3ru4EI5MABq68=
github.com/julienschmidt/httprouter v1.1.0/go.mod h1:SYymIcj16QtmaHHD7aYtjjsJG7VTCxuUUipMqKk8s4w=
github.com/lib/pq v1.10.2 h1:AqzbZs4ZoCBp+GtejcpCpcxM3zlSMx29dXbUSeVtJb8=
github.com/lib/pq v1.10.2/go.mod h1:AlVN5x4E4T544tWzH6hKfbfQvm3HdbOxrmggDNAPY9o=
github.com/mattn/go-sqlite3 v1.2.0 h1:h2FYSp18EBpSL2XOLiU2jIvYcJpx5NxGmT2EFlaUesw=
github.com/mattn/go-sqlite3 v1.2.0/go.mod h1:FPy6KqzDD04eiIsT53CuJW3U88zkxoIYsOqkbpncsNc=
github.com/rohanthewiz/element v0.1.3-0.20171211183050-258e367a7eb5 h1:b9R7AcLOQPnXFBmwkqjvN/aefPs9BCaxmHHosEZkPTU=
github.com/rohanthewiz/element v0.1.3-0.20171211183050-258e367a7eb5/go.mod h1:VNgNUGzMSA2rEot4fXM2deHofTXnF8dt5gV2KIQ+0tA=
github.com/rohanthewiz/element v0.1.3-0.20210526081944-072e8b74492d h1:xFVm8HJuS8/7r0gQJjCmcV9B5rokkFah28RfkRnl9uQ=
github.com/rohanthewiz/element v0.1.3-0.20210526081944-072e8b74492d/go.mod h1:VNgNUGzMSA2rEot4fXM2deHofTXnF8dt5gV2KIQ+0tA=
github.com/rohanthewiz/element v0.1.6 h1:x+jJPcZG6DtgejoA/WFgaR6RU8LU4g4cyOjnzqcjmr0=
github.com/rohanthewiz/element v0.1.6/go.mod h1:4L5RL1XalF5TppamYQlDZ6CwvCZJYJ5NdM27BA6WJkA=
github.com/rohanthewiz/go_markdown v0.0.0-20160315044756-cbcef778537c h1:YugQmg/oxgxqo5ZXqJ8/jf8ToxSOYyS42Xd98O3QgPM=
github.com/rohanthewiz/go_markdown v0.0.0-20160315044756-cbcef778537c/go.mod h1:XlkDlzjkhDrYy4oOm1UMpNuHzbG+HgEg/XxxH1iX9RI=
golang.org/x/crypto v0.0.0-20190325154230-a5d413f7728c h1:Vj5n4GlwjmQteupaxJ9+0FNOmBrHfq7vN4btdGoDZgI=
golang.org/x/crypto v0.0.0-20190325154230-a5d413f7728c/go.mod h1:djNgcEr1/C05ACkg1iLfiJU5Ep61QUkGW8qpdssI0+w=
golang.org/x/net v0.0.0-20170110034938-60c41d1de8da h1:5sENVFSzUZwVwtS8PadtC7Q9tmj886JSt2pRIwSAVZE=
golang.org/x/net v0.0.0-20170110034938-60c41d1de8da/go.mod h1:mL1N/T3taQHkDXs73rZJwtUhF3w3ftmwwsq0BUmARs4=
golang.org/x/sys v0.0.0-20190215142949-d0b11bdaac8a/go.mod h1:STP8DvDyc/dI5b8T5hshtkjS+E42TnysNCUPdjciGhY=
